
Microsoft Visual Studio Solution File, Format Version 12.00
# Visual Studio Version 17
VisualStudioVersion = 17.13.36105.23 d17.13
MinimumVisualStudioVersion = 10.0.40219.1
Project("{2150E333-8FDC-42A3-9474-1A3956D46DE8}") = "lib", "lib", "{02EA681E-C7D8-13C7-8484-4AC65E1B71E8}"
EndProject
Project("{2150E333-8FDC-42A3-9474-1A3956D46DE8}") = "examples", "examples", "{A9D40A0E-856D-4E8D-AA18-BCC61DB353D5}"
EndProject
Project("{2150E333-8FDC-42A3-9474-1A3956D46DE8}") = "tests", "tests", "{2AC5EF21-8940-46C8-9AB8-1C530DDA65F0}"
EndProject
Project("{FAE04EC0-301F-11D3-BF4B-00C04F79EFBC}") = "AutoInject", "AutoInject\AutoInject.csproj", "{3C8C41D8-692F-4A37-9DDD-75945DA07EB9}"
EndProject
Global
	GlobalSection(SolutionConfigurationPlatforms) = preSolution
		Debug|Any CPU = Debug|Any CPU
		Release|Any CPU = Release|Any CPU
	EndGlobalSection
	GlobalSection(ProjectConfigurationPlatforms) = postSolution
		{3C8C41D8-692F-4A37-9DDD-75945DA07EB9}.Debug|Any CPU.ActiveCfg = Debug|Any CPU
		{3C8C41D8-692F-4A37-9DDD-75945DA07EB9}.Debug|Any CPU.Build.0 = Debug|Any CPU
		{3C8C41D8-692F-4A37-9DDD-75945DA07EB9}.Release|Any CPU.ActiveCfg = Release|Any CPU
		{3C8C41D8-692F-4A37-9DDD-75945DA07EB9}.Release|Any CPU.Build.0 = Release|Any CPU
	EndGlobalSection
	GlobalSection(SolutionProperties) = preSolution
		HideSolutionNode = FALSE
	EndGlobalSection
	GlobalSection(NestedProjects) = preSolution
		{3C8C41D8-692F-4A37-9DDD-75945DA07EB9} = {02EA681E-C7D8-13C7-8484-4AC65E1B71E8}
	EndGlobalSection
	GlobalSection(ExtensibilityGlobals) = postSolution
		SolutionGuid = {0D2387D0-3FD6-4879-878E-70B493949E78}
	EndGlobalSection
EndGlobal
